
Microsoft Visual Studio Solution File, Format Version 12.00
# Visual Studio Version 17
VisualStudioVersion = 17.3.32708.82
MinimumVisualStudioVersion = 10.0.40219.1
Project("{9A19103F-16F7-4668-BE54-9A1E7A4F7556}") = "BlazorOSMapApp", "BlazorOSMapApp\BlazorOSMapApp.csproj", "{ED02D73D-4022-437F-8E56-7F0D111D46DA}"
EndProject
Global
	GlobalSection(SolutionConfigurationPlatforms) = preSolution
		Debug|Any CPU = Debug|Any CPU
		Release|Any CPU = Release|Any CPU
	EndGlobalSection
	GlobalSection(ProjectConfigurationPlatforms) = postSolution
		{ED02D73D-4022-437F-8E56-7F0D111D46DA}.Debug|Any CPU.ActiveCfg = Debug|Any CPU
		{ED02D73D-4022-437F-8E56-7F0D111D46DA}.Debug|Any CPU.Build.0 = Debug|Any CPU
		{ED02D73D-4022-437F-8E56-7F0D111D46DA}.Release|Any CPU.ActiveCfg = Release|Any CPU
		{ED02D73D-4022-437F-8E56-7F0D111D46DA}.Release|Any CPU.Build.0 = Release|Any CPU
	EndGlobalSection
	GlobalSection(SolutionProperties) = preSolution
		HideSolutionNode = FALSE
	EndGlobalSection
	GlobalSection(ExtensibilityGlobals) = postSolution
		SolutionGuid = {24DBCE37-EC8B-459E-9A48-BEC3A6AF1892}
	EndGlobalSection
EndGlobal
